<?xml version="1.0" encoding="utf-8"?>
<Project ToolsVersion="4.0" xmlns="http://schemas.microsoft.com/developer/msbuild/2003">
  <ItemGroup>
    <Filter Include="Source Files">
      <UniqueIdentifier>{4FC737F1-C7A5-4376-A066-2A32D752A2FF}</UniqueIdentifier>
      <Extensions>cpp;c;cc;cxx;c++;cppm;ixx;def;odl;idl;hpj;bat;asm;asmx</Extensions>
    </Filter>
    <Filter Include="Header Files">
      <UniqueIdentifier>{93995380-89BD-4b04-88EB-625FBE52EBFB}</UniqueIdentifier>
      <Extensions>h;hh;hpp;hxx;h++;hm;inl;inc;ipp;xsd</Extensions>
    </Filter>
    <Filter Include="Resource Files">
      <UniqueIdentifier>{67DA6AB6-F800-4c08-8B7A-83BB121AAD01}</UniqueIdentifier>
      <Extensions>rc;ico;cur;bmp;dlg;rc2;rct;bin;rgs;gif;jpg;jpeg;jpe;resx;tiff;tif;png;wav;mfcribbon-ms</Extensions>
    </Filter>
    <Filter Include="Source Files\Game">
      <UniqueIdentifier>{5da5f8b4-e734-4e61-943a-58ead1b2af61}</UniqueIdentifier>
    </Filter>
    <Filter Include="Resource Files\shaders">
      <UniqueIdentifier>{24fad0de-209b-44aa-ae44-94e00b13b501}</UniqueIdentifier>
    </Filter>
    <Filter Include="External">
      <UniqueIdentifier>{a5193cd0-207f-4ebc-b82b-b995201af49b}</UniqueIdentifier>
    </Filter>
  </ItemGroup>
  <ItemGroup>
    <None Include="Engine\assets\shaders\fs_pbr.frag.glsl">
      <Filter>Resource Files\shaders</Filter>
    </None>
    <None Include="Engine\assets\shaders\shadow_depth.frag.glsl">
      <Filter>Resource Files\shaders</Filter>
    </None>
    <None Include="Engine\assets\shaders\shadow_depth.vert.glsl">
      <Filter>Resource Files\shaders</Filter>
    </None>
    <None Include="Engine\assets\shaders\vs_pbr.vert.glsl">
      <Filter>Resource Files\shaders</Filter>
    </None>
    <None Include="Engine\assets\shaders\world_grid.frag.glsl">
      <Filter>Resource Files\shaders</Filter>
    </None>
    <None Include="Engine\assets\shaders\world_grid.vert.glsl">
      <Filter>Resource Files\shaders</Filter>
    </None>
    <None Include="Engine\assets\shaders\skybox.frag.glsl">
      <Filter>Resource Files\shaders</Filter>
    </None>
    <None Include="Engine\assets\shaders\skybox.vert.glsl">
      <Filter>Resource Files\shaders</Filter>
    </None>
  </ItemGroup>
  <ItemGroup>
    <ClCompile Include="Game\src\Main.cpp">
      <Filter>Source Files\Game</Filter>
    </ClCompile>
  </ItemGroup>
</Project>