<?xml version="1.0" encoding="utf-8"?>
<Project ToolsVersion="4.0" xmlns="http://schemas.microsoft.com/developer/msbuild/2003">
  <ItemGroup>
    <ClCompile Include="test.cpp" />
    <ClCompile Include="pch.cpp" />
    <ClCompile Include="Tests\test_camera.cpp">
      <Filter>Tests</Filter>
    </ClCompile>
    <ClCompile Include="Tests\test_import_obj.cpp">
      <Filter>Tests</Filter>
    </ClCompile>
    <ClCompile Include="Tests\test_math.cpp">
      <Filter>Tests</Filter>
    </ClCompile>
    <ClCompile Include="Tests\test_scene.cpp">
      <Filter>Tests</Filter>
    </ClCompile>
    <ClCompile Include="Tests\test_shader_util.cpp">
      <Filter>Tests</Filter>
    </ClCompile>
  </ItemGroup>
  <ItemGroup>
    <ClInclude Include="pch.h" />
  </ItemGroup>
  <ItemGroup>
    <Filter Include="Tests">
      <UniqueIdentifier>{9ce603fc-56b4-41f9-8478-4014e5bde9ec}</UniqueIdentifier>
    </Filter>
  </ItemGroup>
</Project>