<?xml version="1.0" encoding="utf-8"?>
<Project ToolsVersion="4.0" xmlns="http://schemas.microsoft.com/developer/msbuild/2003">
  <ItemGroup>
    <Filter Include="Source Files">
      <UniqueIdentifier>{4FC737F1-C7A5-4376-A066-2A32D752A2FF}</UniqueIdentifier>
      <Extensions>cpp;c;cc;cxx;c++;cppm;ixx;def;odl;idl;hpj;bat;asm;asmx</Extensions>
    </Filter>
    <Filter Include="Header Files">
      <UniqueIdentifier>{93995380-89BD-4b04-88EB-625FBE52EBFB}</UniqueIdentifier>
      <Extensions>h;hh;hpp;hxx;h++;hm;inl;inc;ipp;xsd</Extensions>
    </Filter>
    <Filter Include="Resource Files">
      <UniqueIdentifier>{67DA6AB6-F800-4c08-8B7A-83BB121AAD01}</UniqueIdentifier>
      <Extensions>rc;ico;cur;bmp;dlg;rc2;rct;bin;rgs;gif;jpg;jpeg;jpe;resx;tiff;tif;png;wav;mfcribbon-ms</Extensions>
    </Filter>
    <Filter Include="Resource Files\Shaders">
      <UniqueIdentifier>{1f314c76-75a9-4851-af48-2bc5789ee9d7}</UniqueIdentifier>
    </Filter>
    <Filter Include="Header Files\Core">
      <UniqueIdentifier>{15d991b0-b16a-41f1-8cf6-51558f06a107}</UniqueIdentifier>
    </Filter>
    <Filter Include="Source Files\Render">
      <UniqueIdentifier>{cca6ee43-72c5-45d3-b515-4ee8ea8756ce}</UniqueIdentifier>
    </Filter>
    <Filter Include="Header Files\Render">
      <UniqueIdentifier>{c348c282-27f2-4537-94bf-e8c7390bb546}</UniqueIdentifier>
    </Filter>
    <Filter Include="Source Files\3rdParty">
      <UniqueIdentifier>{3db61c81-783a-47e8-8735-8d56013fd1a0}</UniqueIdentifier>
    </Filter>
    <Filter Include="Header Files\Elements">
      <UniqueIdentifier>{fe447df8-36c2-441f-b972-cc2f98ab18fb}</UniqueIdentifier>
    </Filter>
    <Filter Include="Source Files\3rdParty\ImGui">
      <UniqueIdentifier>{8b5e1e37-bc82-4819-8af7-799153430861}</UniqueIdentifier>
    </Filter>
    <Filter Include="Source Files\Shader">
      <UniqueIdentifier>{f1aefc8e-932e-4860-833b-2a8bc471da54}</UniqueIdentifier>
    </Filter>
    <Filter Include="Source Files\Window">
      <UniqueIdentifier>{afe0366a-d4d0-4893-9b56-02fa47a8bbd5}</UniqueIdentifier>
    </Filter>
    <Filter Include="Header Files\Window">
      <UniqueIdentifier>{e5df68e2-eb4c-45a5-897d-8f7b82c9d6a8}</UniqueIdentifier>
    </Filter>
    <Filter Include="Source Files\Elements">
      <UniqueIdentifier>{dba61097-a4fa-4dcb-a905-b3b4b96f4d22}</UniqueIdentifier>
    </Filter>
    <Filter Include="Source Files\Core">
      <UniqueIdentifier>{33f08d8e-c594-486f-bcf8-3e35d6548e3f}</UniqueIdentifier>
    </Filter>
    <Filter Include="Header Files\Shader">
      <UniqueIdentifier>{be36cec4-14de-419e-bfbb-ec4e0140494f}</UniqueIdentifier>
    </Filter>
    <Filter Include="Header Files\UI">
      <UniqueIdentifier>{432e3126-db15-4758-8974-085f8cf8f8db}</UniqueIdentifier>
    </Filter>
    <Filter Include="Source Files\UI">
      <UniqueIdentifier>{9bea8baf-4338-4d1c-b2bb-175ac59cccf4}</UniqueIdentifier>
    </Filter>
    <Filter Include="Header Files\UI\Stylisitc">
      <UniqueIdentifier>{b25fcb4a-5a19-43de-869c-f6334b2aa29b}</UniqueIdentifier>
    </Filter>
    <Filter Include="Source Files\UI\Stylisitc">
      <UniqueIdentifier>{093dfb76-ae82-401d-b5b6-6672b52bed7e}</UniqueIdentifier>
    </Filter>
    <Filter Include="Header Files\3rdParty">
      <UniqueIdentifier>{cf14dd7d-6a4d-4ae8-8fa7-1b042539bd09}</UniqueIdentifier>
    </Filter>
    <Filter Include="Source Files\OLD">
      <UniqueIdentifier>{50ef87b6-c54e-45c3-a24b-48b45cae0929}</UniqueIdentifier>
    </Filter>
    <Filter Include="Header Files\OLD">
      <UniqueIdentifier>{cc3516ff-87df-4f6b-899f-9e5a76870a28}</UniqueIdentifier>
    </Filter>
    <Filter Include="Header Files\imports">
      <UniqueIdentifier>{b84da1bd-3cdf-4385-b044-c49b182b3a5e}</UniqueIdentifier>
    </Filter>
    <Filter Include="Source Files\imports">
      <UniqueIdentifier>{da5ae967-1867-470f-a5ce-81ee01b6a7fa}</UniqueIdentifier>
    </Filter>
    <Filter Include="Header Files\Utils">
      <UniqueIdentifier>{018bf385-7880-4606-ab61-368d92c04af6}</UniqueIdentifier>
    </Filter>
    <Filter Include="Source Files\Utils">
      <UniqueIdentifier>{d72c24c4-64fe-45da-b137-0864a33b9bac}</UniqueIdentifier>
    </Filter>
  </ItemGroup>
  <ItemGroup>
    <ClCompile Include="Libraries\lib\imgui\imgui_widgets.cpp">
      <Filter>Source Files\3rdParty\ImGui</Filter>
    </ClCompile>
    <ClCompile Include="Libraries\lib\imgui\imgui.cpp">
      <Filter>Source Files\3rdParty\ImGui</Filter>
    </ClCompile>
    <ClCompile Include="Libraries\lib\imgui\imgui_demo.cpp">
      <Filter>Source Files\3rdParty\ImGui</Filter>
    </ClCompile>
    <ClCompile Include="Libraries\lib\imgui\imgui_draw.cpp">
      <Filter>Source Files\3rdParty\ImGui</Filter>
    </ClCompile>
    <ClCompile Include="Libraries\lib\imgui\imgui_impl_glfw.cpp">
      <Filter>Source Files\3rdParty\ImGui</Filter>
    </ClCompile>
    <ClCompile Include="Libraries\lib\imgui\imgui_impl_opengl3.cpp">
      <Filter>Source Files\3rdParty\ImGui</Filter>
    </ClCompile>
    <ClCompile Include="Libraries\lib\imgui\imgui_tables.cpp">
      <Filter>Source Files\3rdParty\ImGui</Filter>
    </ClCompile>
    <ClCompile Include="Source\Application.cpp">
      <Filter>Source Files\Core</Filter>
    </ClCompile>
    <ClCompile Include="Source\Main.cpp">
      <Filter>Source Files</Filter>
    </ClCompile>
    <ClCompile Include="Source\Render\OpenGLBufferManager.cpp">
      <Filter>Source Files\Render</Filter>
    </ClCompile>
    <ClCompile Include="Source\Render\OpenGLContext.cpp">
      <Filter>Source Files\Render</Filter>
    </ClCompile>
    <ClCompile Include="Source\Shader\ShaderUtil.cpp">
      <Filter>Source Files\Shader</Filter>
    </ClCompile>
    <ClCompile Include="Source\3rdParty\glad.c">
      <Filter>Source Files\3rdParty</Filter>
    </ClCompile>
    <ClCompile Include="Source\Elements\Mesh.cpp">
      <Filter>Source Files\Elements</Filter>
    </ClCompile>
    <ClCompile Include="Source\UI\Styles.cpp">
      <Filter>Source Files\UI\Stylisitc</Filter>
    </ClCompile>
    <ClCompile Include="Source\UI\ControlPanel.cpp">
      <Filter>Source Files\UI</Filter>
    </ClCompile>
    <ClCompile Include="Source\UI\DebugPanel.cpp">
      <Filter>Source Files\UI</Filter>
    </ClCompile>
    <ClCompile Include="Source\Window\WindowManager.cpp">
      <Filter>Source Files\Window</Filter>
    </ClCompile>
    <ClCompile Include="Source\Render\GUIContext.cpp">
      <Filter>Source Files\Render</Filter>
    </ClCompile>
    <ClCompile Include="Source\UI\SceneView.cpp">
      <Filter>Source Files\UI</Filter>
    </ClCompile>
    <ClCompile Include="Source\UI\SimulationPanels.cpp">
      <Filter>Source Files\OLD</Filter>
    </ClCompile>
    <ClCompile Include="Source\UI\TitleBarPanel.cpp">
      <Filter>Source Files\OLD</Filter>
    </ClCompile>
    <ClCompile Include="Source\Shader\shaderClass.cpp">
      <Filter>Source Files\OLD</Filter>
    </ClCompile>
    <ClCompile Include="Source\Render\SimulationManager.cpp">
      <Filter>Source Files\OLD</Filter>
    </ClCompile>
    <ClCompile Include="Source\Window\GUIManager.cpp">
      <Filter>Source Files\OLD</Filter>
    </ClCompile>
    <ClCompile Include="Source\Imports\importObj.cpp">
      <Filter>Source Files\imports</Filter>
    </ClCompile>
  </ItemGroup>
  <ItemGroup>
    <ClInclude Include="Source\Application.h">
      <Filter>Header Files\Core</Filter>
    </ClInclude>
    <ClInclude Include="Source\ch.h">
      <Filter>Header Files\Core</Filter>
    </ClInclude>
    <ClInclude Include="Source\Render\OpenGLBufferManager.h">
      <Filter>Header Files\Render</Filter>
    </ClInclude>
    <ClInclude Include="Source\Render\OpenGLContext.h">
      <Filter>Header Files\Render</Filter>
    </ClInclude>
    <ClInclude Include="Source\Render\RenderBase.h">
      <Filter>Header Files\Render</Filter>
    </ClInclude>
    <ClInclude Include="Source\Shader\ShaderUtil.h">
      <Filter>Header Files\Shader</Filter>
    </ClInclude>
    <ClInclude Include="Source\Elements\Mesh.h">
      <Filter>Header Files\Elements</Filter>
    </ClInclude>
    <ClInclude Include="Source\Elements\Light.h">
      <Filter>Header Files\Elements</Filter>
    </ClInclude>
    <ClInclude Include="Source\Elements\VertexHolder.h">
      <Filter>Header Files\Elements</Filter>
    </ClInclude>
    <ClInclude Include="Source\Elements\Element.h">
      <Filter>Header Files\Elements</Filter>
    </ClInclude>
    <ClInclude Include="Source\UI\Styles.h">
      <Filter>Header Files\UI\Stylisitc</Filter>
    </ClInclude>
    <ClInclude Include="Source\UI\ControlPanel.h">
      <Filter>Header Files\UI</Filter>
    </ClInclude>
    <ClInclude Include="Source\UI\DebugLogEntry.h">
      <Filter>Header Files\UI</Filter>
    </ClInclude>
    <ClInclude Include="Source\UI\DebugPanel.h">
      <Filter>Header Files\UI</Filter>
    </ClInclude>
    <ClInclude Include="Source\Window\WindowManager.h">
      <Filter>Header Files\Window</Filter>
    </ClInclude>
    <ClInclude Include="Source\Render\GUIContext.h">
      <Filter>Header Files\Render</Filter>
    </ClInclude>
    <ClInclude Include="Source\Window\Window.h">
      <Filter>Header Files\Window</Filter>
    </ClInclude>
    <ClInclude Include="Source\UI\SceneView.h">
      <Filter>Header Files\UI</Filter>
    </ClInclude>
    <ClInclude Include="Source\Elements\Camera.h">
      <Filter>Header Files\Elements</Filter>
    </ClInclude>
    <ClInclude Include="Libraries\lib\imgui\imstb_truetype.h">
      <Filter>Header Files\3rdParty</Filter>
    </ClInclude>
    <ClInclude Include="Libraries\lib\imgui\imstb_textedit.h">
      <Filter>Header Files\3rdParty</Filter>
    </ClInclude>
    <ClInclude Include="Libraries\lib\imgui\imstb_rectpack.h">
      <Filter>Header Files\3rdParty</Filter>
    </ClInclude>
    <ClInclude Include="Libraries\lib\imgui\imgui_internal.h">
      <Filter>Header Files\3rdParty</Filter>
    </ClInclude>
    <ClInclude Include="Libraries\lib\imgui\imgui_impl_opengl3_loader.h">
      <Filter>Header Files\3rdParty</Filter>
    </ClInclude>
    <ClInclude Include="Libraries\lib\imgui\imgui_impl_opengl3.h">
      <Filter>Header Files\3rdParty</Filter>
    </ClInclude>
    <ClInclude Include="Libraries\lib\imgui\imgui_impl_glfw.h">
      <Filter>Header Files\3rdParty</Filter>
    </ClInclude>
    <ClInclude Include="Libraries\lib\imgui\imgui.h">
      <Filter>Header Files\3rdParty</Filter>
    </ClInclude>
    <ClInclude Include="Libraries\lib\imgui\imconfig.h">
      <Filter>Header Files\3rdParty</Filter>
    </ClInclude>
    <ClInclude Include="Source\Elements\Input.h">
      <Filter>Header Files\Elements</Filter>
    </ClInclude>
    <ClInclude Include="Source\Window\GUIManager.h">
      <Filter>Header Files\OLD</Filter>
    </ClInclude>
    <ClInclude Include="Source\UI\SimulationPanels.h">
      <Filter>Header Files\OLD</Filter>
    </ClInclude>
    <ClInclude Include="Source\Shader\shaderClass.h">
      <Filter>Header Files\OLD</Filter>
    </ClInclude>
    <ClInclude Include="Source\Render\SimulationManager.h">
      <Filter>Header Files\OLD</Filter>
    </ClInclude>
    <ClInclude Include="Source\Imports\importBase.h">
      <Filter>Header Files\imports</Filter>
    </ClInclude>
    <ClInclude Include="Source\Imports\importObj.h">
      <Filter>Header Files\imports</Filter>
    </ClInclude>
    <ClInclude Include="Source\Utils\str_utils.h">
      <Filter>Header Files\Utils</Filter>
    </ClInclude>
    <ClInclude Include="Source\Utils\imguiWidgets.h">
      <Filter>Header Files\Utils</Filter>
    </ClInclude>
    <ClInclude Include="Source\Elements\Face.h">
      <Filter>Header Files\Elements</Filter>
    </ClInclude>
    <ClInclude Include="Source\Utils\Logger.h">
      <Filter>Header Files\Utils</Filter>
    </ClInclude>
    <ClInclude Include="Source\Elements\Object.h">
      <Filter>Header Files\Elements</Filter>
    </ClInclude>
  </ItemGroup>
  <ItemGroup>
    <None Include="Source\Shaders\world_grid.frag.glsl">
      <Filter>Resource Files\Shaders</Filter>
    </None>
    <None Include="Source\Shaders\fs_pbr.frag.glsl">
      <Filter>Resource Files\Shaders</Filter>
    </None>
    <None Include="Source\Shaders\vs_pbr.vert.glsl">
      <Filter>Resource Files\Shaders</Filter>
    </None>
    <None Include="Source\Shaders\world_grid.vert.glsl">
      <Filter>Resource Files\Shaders</Filter>
    </None>
    <None Include="Source\Shaders\shadow_depth.vert.glsl">
      <Filter>Resource Files\Shaders</Filter>
    </None>
    <None Include="Source\Shaders\shadow_depth.frag.glsl">
      <Filter>Resource Files\Shaders</Filter>
    </None>
  </ItemGroup>
</Project>